
Microsoft Visual Studio Solution File, Format Version 12.00
# Visual Studio Version 17
VisualStudioVersion = 17.9.34728.123
MinimumVisualStudioVersion = 10.0.40219.1
Project("{FAE04EC0-301F-11D3-BF4B-00C04F79EFBC}") = "HoraApi", "HoraApi\HoraApi.csproj", "{59895ACB-0647-4876-AB2D-9C352A302EEC}"
EndProject
Global
	GlobalSection(SolutionConfigurationPlatforms) = preSolution
		Debug|Any CPU = Debug|Any CPU
		Release|Any CPU = Release|Any CPU
	EndGlobalSection
	GlobalSection(ProjectConfigurationPlatforms) = postSolution
		{59895ACB-0647-4876-AB2D-9C352A302EEC}.Debug|Any CPU.ActiveCfg = Debug|Any CPU
		{59895ACB-0647-4876-AB2D-9C352A302EEC}.Debug|Any CPU.Build.0 = Debug|Any CPU
		{59895ACB-0647-4876-AB2D-9C352A302EEC}.Release|Any CPU.ActiveCfg = Release|Any CPU
		{59895ACB-0647-4876-AB2D-9C352A302EEC}.Release|Any CPU.Build.0 = Release|Any CPU
	EndGlobalSection
	GlobalSection(SolutionProperties) = preSolution
		HideSolutionNode = FALSE
	EndGlobalSection
	GlobalSection(ExtensibilityGlobals) = postSolution
		SolutionGuid = {8EBAC885-2BA3-4B7E-A041-4E84BA386AE4}
	EndGlobalSection
EndGlobal
